// !$*UTF8*$!
{
	archiveVersion = 1;
	classes = {
	};
	objectVersion = 56;
	objects = {

/* Begin PBXBuildFile section */
		AB60DC1F2BE3F28F0078C1DC /* CryptoScopeApp.swift in Sources */ = {isa = PBXBuildFile; fileRef = AB60DC1E2BE3F28F0078C1DC /* CryptoScopeApp.swift */; };
		AB60DC212BE3F28F0078C1DC /* ContentView.swift in Sources */ = {isa = PBXBuildFile; fileRef = AB60DC202BE3F28F0078C1DC /* ContentView.swift */; };
		AB60DC232BE3F2910078C1DC /* Assets.xcassets in Resources */ = {isa = PBXBuildFile; fileRef = AB60DC222BE3F2910078C1DC /* Assets.xcassets */; };
		AB60DC262BE3F2910078C1DC /* Preview Assets.xcassets in Resources */ = {isa = PBXBuildFile; fileRef = AB60DC252BE3F2910078C1DC /* Preview Assets.xcassets */; };
		AB60DC2E2BE41E190078C1DC /* Color.swift in Sources */ = {isa = PBXBuildFile; fileRef = AB60DC2D2BE41E190078C1DC /* Color.swift */; };
		AB7D08F02BE4E5B600EE5D19 /* HomeView.swift in Sources */ = {isa = PBXBuildFile; fileRef = AB7D08EF2BE4E5B600EE5D19 /* HomeView.swift */; };
		AB7D08F42BE4E79500EE5D19 /* CircleButtonView.swift in Sources */ = {isa = PBXBuildFile; fileRef = AB7D08F32BE4E79500EE5D19 /* CircleButtonView.swift */; };
		AB7D08F62BE4ED4600EE5D19 /* CircleButtonAnimationView.swift in Sources */ = {isa = PBXBuildFile; fileRef = AB7D08F52BE4ED4500EE5D19 /* CircleButtonAnimationView.swift */; };
/* End PBXBuildFile section */

/* Begin PBXFileReference section */
		AB60DC1B2BE3F28F0078C1DC /* CryptoScope.app */ = {isa = PBXFileReference; explicitFileType = wrapper.application; includeInIndex = 0; path = CryptoScope.app; sourceTree = BUILT_PRODUCTS_DIR; };
		AB60DC1E2BE3F28F0078C1DC /* CryptoScopeApp.swift */ = {isa = PBXFileReference; lastKnownFileType = sourcecode.swift; path = CryptoScopeApp.swift; sourceTree = "<group>"; };
		AB60DC202BE3F28F0078C1DC /* ContentView.swift */ = {isa = PBXFileReference; lastKnownFileType = sourcecode.swift; path = ContentView.swift; sourceTree = "<group>"; };
		AB60DC222BE3F2910078C1DC /* Assets.xcassets */ = {isa = PBXFileReference; lastKnownFileType = folder.assetcatalog; path = Assets.xcassets; sourceTree = "<group>"; };
		AB60DC252BE3F2910078C1DC /* Preview Assets.xcassets */ = {isa = PBXFileReference; lastKnownFileType = folder.assetcatalog; path = "Preview Assets.xcassets"; sourceTree = "<group>"; };
		AB60DC2D2BE41E190078C1DC /* Color.swift */ = {isa = PBXFileReference; lastKnownFileType = sourcecode.swift; path = Color.swift; sourceTree = "<group>"; };
		AB7D08EF2BE4E5B600EE5D19 /* HomeView.swift */ = {isa = PBXFileReference; lastKnownFileType = sourcecode.swift; path = HomeView.swift; sourceTree = "<group>"; };
		AB7D08F32BE4E79500EE5D19 /* CircleButtonView.swift */ = {isa = PBXFileReference; lastKnownFileType = sourcecode.swift; path = CircleButtonView.swift; sourceTree = "<group>"; };
		AB7D08F52BE4ED4500EE5D19 /* CircleButtonAnimationView.swift */ = {isa = PBXFileReference; lastKnownFileType = sourcecode.swift; path = CircleButtonAnimationView.swift; sourceTree = "<group>"; };
/* End PBXFileReference section */

/* Begin PBXFrameworksBuildPhase section */
		AB60DC182BE3F28F0078C1DC /* Frameworks */ = {
			isa = PBXFrameworksBuildPhase;
			buildActionMask = 2147483647;
			files = (
			);
			runOnlyForDeploymentPostprocessing = 0;
		};
/* End PBXFrameworksBuildPhase section */

/* Begin PBXGroup section */
		AB60DC122BE3F28F0078C1DC = {
			isa = PBXGroup;
			children = (
				AB60DC1D2BE3F28F0078C1DC /* CryptoScope */,
				AB60DC1C2BE3F28F0078C1DC /* Products */,
			);
			sourceTree = "<group>";
		};
		AB60DC1C2BE3F28F0078C1DC /* Products */ = {
			isa = PBXGroup;
			children = (
				AB60DC1B2BE3F28F0078C1DC /* CryptoScope.app */,
			);
			name = Products;
			sourceTree = "<group>";
		};
		AB60DC1D2BE3F28F0078C1DC /* CryptoScope */ = {
			isa = PBXGroup;
			children = (
				AB60DC2C2BE41E0F0078C1DC /* Extensions */,
				AB60DC1E2BE3F28F0078C1DC /* CryptoScopeApp.swift */,
				AB7D08EB2BE4E4DF00EE5D19 /* Core */,
				AB60DC202BE3F28F0078C1DC /* ContentView.swift */,
				AB60DC222BE3F2910078C1DC /* Assets.xcassets */,
				AB60DC242BE3F2910078C1DC /* Preview Content */,
			);
			path = CryptoScope;
			sourceTree = "<group>";
		};
		AB60DC242BE3F2910078C1DC /* Preview Content */ = {
			isa = PBXGroup;
			children = (
				AB60DC252BE3F2910078C1DC /* Preview Assets.xcassets */,
			);
			path = "Preview Content";
			sourceTree = "<group>";
		};
		AB60DC2C2BE41E0F0078C1DC /* Extensions */ = {
			isa = PBXGroup;
			children = (
				AB60DC2D2BE41E190078C1DC /* Color.swift */,
			);
			path = Extensions;
			sourceTree = "<group>";
		};
		AB7D08EB2BE4E4DF00EE5D19 /* Core */ = {
			isa = PBXGroup;
			children = (
				AB7D08F12BE4E76100EE5D19 /* Components */,
				AB7D08EC2BE4E4E700EE5D19 /* Home */,
			);
			path = Core;
			sourceTree = "<group>";
		};
		AB7D08EC2BE4E4E700EE5D19 /* Home */ = {
			isa = PBXGroup;
			children = (
				AB7D08EE2BE4E4FE00EE5D19 /* ViewModels */,
				AB7D08ED2BE4E4F400EE5D19 /* Views */,
			);
			path = Home;
			sourceTree = "<group>";
		};
		AB7D08ED2BE4E4F400EE5D19 /* Views */ = {
			isa = PBXGroup;
			children = (
				AB7D08EF2BE4E5B600EE5D19 /* HomeView.swift */,
			);
			path = Views;
			sourceTree = "<group>";
		};
		AB7D08EE2BE4E4FE00EE5D19 /* ViewModels */ = {
			isa = PBXGroup;
			children = (
			);
			path = ViewModels;
			sourceTree = "<group>";
		};
		AB7D08F12BE4E76100EE5D19 /* Components */ = {
			isa = PBXGroup;
			children = (
				AB7D08F22BE4E78A00EE5D19 /* CircleButton */,
			);
			path = Components;
			sourceTree = "<group>";
		};
		AB7D08F22BE4E78A00EE5D19 /* CircleButton */ = {
			isa = PBXGroup;
			children = (
				AB7D08F32BE4E79500EE5D19 /* CircleButtonView.swift */,
				AB7D08F52BE4ED4500EE5D19 /* CircleButtonAnimationView.swift */,
			);
			path = CircleButton;
			sourceTree = "<group>";
		};
/* End PBXGroup section */

/* Begin PBXNativeTarget section */
		AB60DC1A2BE3F28F0078C1DC /* CryptoScope */ = {
			isa = PBXNativeTarget;
			buildConfigurationList = AB60DC292BE3F2910078C1DC /* Build configuration list for PBXNativeTarget "CryptoScope" */;
			buildPhases = (
				AB60DC172BE3F28F0078C1DC /* Sources */,
				AB60DC182BE3F28F0078C1DC /* Frameworks */,
				AB60DC192BE3F28F0078C1DC /* Resources */,
			);
			buildRules = (
			);
			dependencies = (
			);
			name = CryptoScope;
			productName = CryptoScope;
			productReference = AB60DC1B2BE3F28F0078C1DC /* CryptoScope.app */;
			productType = "com.apple.product-type.application";
		};
/* End PBXNativeTarget section */

/* Begin PBXProject section */
		AB60DC132BE3F28F0078C1DC /* Project object */ = {
			isa = PBXProject;
			attributes = {
				BuildIndependentTargetsInParallel = 1;
				LastSwiftUpdateCheck = 1520;
				LastUpgradeCheck = 1520;
				TargetAttributes = {
					AB60DC1A2BE3F28F0078C1DC = {
						CreatedOnToolsVersion = 15.2;
					};
				};
			};
			buildConfigurationList = AB60DC162BE3F28F0078C1DC /* Build configuration list for PBXProject "CryptoScope" */;
			compatibilityVersion = "Xcode 14.0";
			developmentRegion = en;
			hasScannedForEncodings = 0;
			knownRegions = (
				en,
				Base,
			);
			mainGroup = AB60DC122BE3F28F0078C1DC;
			productRefGroup = AB60DC1C2BE3F28F0078C1DC /* Products */;
			projectDirPath = "";
			projectRoot = "";
			targets = (
				AB60DC1A2BE3F28F0078C1DC /* CryptoScope */,
			);
		};
/* End PBXProject section */

/* Begin PBXResourcesBuildPhase section */
		AB60DC192BE3F28F0078C1DC /* Resources */ = {
			isa = PBXResourcesBuildPhase;
			buildActionMask = 2147483647;
			files = (
				AB60DC262BE3F2910078C1DC /* Preview Assets.xcassets in Resources */,
				AB60DC232BE3F2910078C1DC /* Assets.xcassets in Resources */,
			);
			runOnlyForDeploymentPostprocessing = 0;
		};
/* End PBXResourcesBuildPhase section */

/* Begin PBXSourcesBuildPhase section */
		AB60DC172BE3F28F0078C1DC /* Sources */ = {
			isa = PBXSourcesBuildPhase;
			buildActionMask = 2147483647;
			files = (
				AB60DC212BE3F28F0078C1DC /* ContentView.swift in Sources */,
				AB7D08F02BE4E5B600EE5D19 /* HomeView.swift in Sources */,
				AB60DC1F2BE3F28F0078C1DC /* CryptoScopeApp.swift in Sources */,
				AB7D08F42BE4E79500EE5D19 /* CircleButtonView.swift in Sources */,
				AB60DC2E2BE41E190078C1DC /* Color.swift in Sources */,
				AB7D08F62BE4ED4600EE5D19 /* CircleButtonAnimationView.swift in Sources */,
			);
			runOnlyForDeploymentPostprocessing = 0;
		};
/* End PBXSourcesBuildPhase section */

/* Begin XCBuildConfiguration section */
		AB60DC272BE3F2910078C1DC /* Debug */ = {
			isa = XCBuildConfiguration;
			buildSettings = {
				ALWAYS_SEARCH_USER_PATHS = NO;
				ASSETCATALOG_COMPILER_GENERATE_SWIFT_ASSET_SYMBOL_EXTENSIONS = YES;
				CLANG_ANALYZER_NONNULL = YES;
				CLANG_ANALYZER_NUMBER_OBJECT_CONVERSION = YES_AGGRESSIVE;
				CLANG_CXX_LANGUAGE_STANDARD = "gnu++20";
				CLANG_ENABLE_MODULES = YES;
				CLANG_ENABLE_OBJC_ARC = YES;
				CLANG_ENABLE_OBJC_WEAK = YES;
				CLANG_WARN_BLOCK_CAPTURE_AUTORELEASING = YES;
				CLANG_WARN_BOOL_CONVERSION = YES;
				CLANG_WARN_COMMA = YES;
				CLANG_WARN_CONSTANT_CONVERSION = YES;
				CLANG_WARN_DEPRECATED_OBJC_IMPLEMENTATIONS = YES;
				CLANG_WARN_DIRECT_OBJC_ISA_USAGE = YES_ERROR;
				CLANG_WARN_DOCUMENTATION_COMMENTS = YES;
				CLANG_WARN_EMPTY_BODY = YES;
				CLANG_WARN_ENUM_CONVERSION = YES;
				CLANG_WARN_INFINITE_RECURSION = YES;
				CLANG_WARN_INT_CONVERSION = YES;
				CLANG_WARN_NON_LITERAL_NULL_CONVERSION = YES;
				CLANG_WARN_OBJC_IMPLICIT_RETAIN_SELF = YES;
				CLANG_WARN_OBJC_LITERAL_CONVERSION = YES;
				CLANG_WARN_OBJC_ROOT_CLASS = YES_ERROR;
				CLANG_WARN_QUOTED_INCLUDE_IN_FRAMEWORK_HEADER = YES;
				CLANG_WARN_RANGE_LOOP_ANALYSIS = YES;
				CLANG_WARN_STRICT_PROTOTYPES = YES;
				CLANG_WARN_SUSPICIOUS_MOVE = YES;
				CLANG_WARN_UNGUARDED_AVAILABILITY = YES_AGGRESSIVE;
				CLANG_WARN_UNREACHABLE_CODE = YES;
				CLANG_WARN__DUPLICATE_METHOD_MATCH = YES;
				COPY_PHASE_STRIP = NO;
				DEBUG_INFORMATION_FORMAT = dwarf;
				ENABLE_STRICT_OBJC_MSGSEND = YES;
				ENABLE_TESTABILITY = YES;
				ENABLE_USER_SCRIPT_SANDBOXING = YES;
				GCC_C_LANGUAGE_STANDARD = gnu17;
				GCC_DYNAMIC_NO_PIC = NO;
				GCC_NO_COMMON_BLOCKS = YES;
				GCC_OPTIMIZATION_LEVEL = 0;
				GCC_PREPROCESSOR_DEFINITIONS = (
					"DEBUG=1",
					"$(inherited)",
				);
				GCC_WARN_64_TO_32_BIT_CONVERSION = YES;
				GCC_WARN_ABOUT_RETURN_TYPE = YES_ERROR;
				GCC_WARN_UNDECLARED_SELECTOR = YES;
				GCC_WARN_UNINITIALIZED_AUTOS = YES_AGGRESSIVE;
				GCC_WARN_UNUSED_FUNCTION = YES;
				GCC_WARN_UNUSED_VARIABLE = YES;
				IPHONEOS_DEPLOYMENT_TARGET = 17.2;
				LOCALIZATION_PREFERS_STRING_CATALOGS = YES;
				MTL_ENABLE_DEBUG_INFO = INCLUDE_SOURCE;
				MTL_FAST_MATH = YES;
				ONLY_ACTIVE_ARCH = YES;
				SDKROOT = iphoneos;
				SWIFT_ACTIVE_COMPILATION_CONDITIONS = "DEBUG $(inherited)";
				SWIFT_OPTIMIZATION_LEVEL = "-Onone";
			};
			name = Debug;
		};
		AB60DC282BE3F2910078C1DC /* Release */ = {
			isa = XCBuildConfiguration;
			buildSettings = {
				ALWAYS_SEARCH_USER_PATHS = NO;
				ASSETCATALOG_COMPILER_GENERATE_SWIFT_ASSET_SYMBOL_EXTENSIONS = YES;
				CLANG_ANALYZER_NONNULL = YES;
				CLANG_ANALYZER_NUMBER_OBJECT_CONVERSION = YES_AGGRESSIVE;
				CLANG_CXX_LANGUAGE_STANDARD = "gnu++20";
				CLANG_ENABLE_MODULES = YES;
				CLANG_ENABLE_OBJC_ARC = YES;
				CLANG_ENABLE_OBJC_WEAK = YES;
				CLANG_WARN_BLOCK_CAPTURE_AUTORELEASING = YES;
				CLANG_WARN_BOOL_CONVERSION = YES;
				CLANG_WARN_COMMA = YES;
				CLANG_WARN_CONSTANT_CONVERSION = YES;
				CLANG_WARN_DEPRECATED_OBJC_IMPLEMENTATIONS = YES;
				CLANG_WARN_DIRECT_OBJC_ISA_USAGE = YES_ERROR;
				CLANG_WARN_DOCUMENTATION_COMMENTS = YES;
				CLANG_WARN_EMPTY_BODY = YES;
				CLANG_WARN_ENUM_CONVERSION = YES;
				CLANG_WARN_INFINITE_RECURSION = YES;
				CLANG_WARN_INT_CONVERSION = YES;
				CLANG_WARN_NON_LITERAL_NULL_CONVERSION = YES;
				CLANG_WARN_OBJC_IMPLICIT_RETAIN_SELF = YES;
				CLANG_WARN_OBJC_LITERAL_CONVERSION = YES;
				CLANG_WARN_OBJC_ROOT_CLASS = YES_ERROR;
				CLANG_WARN_QUOTED_INCLUDE_IN_FRAMEWORK_HEADER = YES;
				CLANG_WARN_RANGE_LOOP_ANALYSIS = YES;
				CLANG_WARN_STRICT_PROTOTYPES = YES;
				CLANG_WARN_SUSPICIOUS_MOVE = YES;
				CLANG_WARN_UNGUARDED_AVAILABILITY = YES_AGGRESSIVE;
				CLANG_WARN_UNREACHABLE_CODE = YES;
				CLANG_WARN__DUPLICATE_METHOD_MATCH = YES;
				COPY_PHASE_STRIP = NO;
				DEBUG_INFORMATION_FORMAT = "dwarf-with-dsym";
				ENABLE_NS_ASSERTIONS = NO;
				ENABLE_STRICT_OBJC_MSGSEND = YES;
				ENABLE_USER_SCRIPT_SANDBOXING = YES;
				GCC_C_LANGUAGE_STANDARD = gnu17;
				GCC_NO_COMMON_BLOCKS = YES;
				GCC_WARN_64_TO_32_BIT_CONVERSION = YES;
				GCC_WARN_ABOUT_RETURN_TYPE = YES_ERROR;
				GCC_WARN_UNDECLARED_SELECTOR = YES;
				GCC_WARN_UNINITIALIZED_AUTOS = YES_AGGRESSIVE;
				GCC_WARN_UNUSED_FUNCTION = YES;
				GCC_WARN_UNUSED_VARIABLE = YES;
				IPHONEOS_DEPLOYMENT_TARGET = 17.2;
				LOCALIZATION_PREFERS_STRING_CATALOGS = YES;
				MTL_ENABLE_DEBUG_INFO = NO;
				MTL_FAST_MATH = YES;
				SDKROOT = iphoneos;
				SWIFT_COMPILATION_MODE = wholemodule;
				VALIDATE_PRODUCT = YES;
			};
			name = Release;
		};
		AB60DC2A2BE3F2910078C1DC /* Debug */ = {
			isa = XCBuildConfiguration;
			buildSettings = {
				ASSETCATALOG_COMPILER_APPICON_NAME = AppIcon;
				ASSETCATALOG_COMPILER_GLOBAL_ACCENT_COLOR_NAME = AccentColor;
				CODE_SIGN_STYLE = Automatic;
				CURRENT_PROJECT_VERSION = 1;
				DEVELOPMENT_ASSET_PATHS = "\"CryptoScope/Preview Content\"";
				DEVELOPMENT_TEAM = 595NK55QRF;
				ENABLE_PREVIEWS = YES;
				GENERATE_INFOPLIST_FILE = YES;
				INFOPLIST_KEY_CFBundleDisplayName = "Crypto Scope";
				INFOPLIST_KEY_UIApplicationSceneManifest_Generation = YES;
				INFOPLIST_KEY_UIApplicationSupportsIndirectInputEvents = YES;
				INFOPLIST_KEY_UILaunchScreen_Generation = YES;
				INFOPLIST_KEY_UISupportedInterfaceOrientations = UIInterfaceOrientationPortrait;
				INFOPLIST_KEY_UISupportedInterfaceOrientations_iPad = "UIInterfaceOrientationLandscapeLeft UIInterfaceOrientationLandscapeRight UIInterfaceOrientationPortrait UIInterfaceOrientationPortraitUpsideDown";
				LD_RUNPATH_SEARCH_PATHS = (
					"$(inherited)",
					"@executable_path/Frameworks",
				);
				MARKETING_VERSION = 1.0;
				PRODUCT_BUNDLE_IDENTIFIER = com.dmitriychurilov.CryptoScope;
				PRODUCT_NAME = "$(TARGET_NAME)";
				SWIFT_EMIT_LOC_STRINGS = YES;
				SWIFT_VERSION = 5.0;
				TARGETED_DEVICE_FAMILY = "1,2";
			};
			name = Debug;
		};
		AB60DC2B2BE3F2910078C1DC /* Release */ = {
			isa = XCBuildConfiguration;
			buildSettings = {
				ASSETCATALOG_COMPILER_APPICON_NAME = AppIcon;
				ASSETCATALOG_COMPILER_GLOBAL_ACCENT_COLOR_NAME = AccentColor;
				CODE_SIGN_STYLE = Automatic;
				CURRENT_PROJECT_VERSION = 1;
				DEVELOPMENT_ASSET_PATHS = "\"CryptoScope/Preview Content\"";
				DEVELOPMENT_TEAM = 595NK55QRF;
				ENABLE_PREVIEWS = YES;
				GENERATE_INFOPLIST_FILE = YES;
				INFOPLIST_KEY_CFBundleDisplayName = "Crypto Scope";
				INFOPLIST_KEY_UIApplicationSceneManifest_Generation = YES;
				INFOPLIST_KEY_UIApplicationSupportsIndirectInputEvents = YES;
				INFOPLIST_KEY_UILaunchScreen_Generation = YES;
				INFOPLIST_KEY_UISupportedInterfaceOrientations = UIInterfaceOrientationPortrait;
				INFOPLIST_KEY_UISupportedInterfaceOrientations_iPad = "UIInterfaceOrientationLandscapeLeft UIInterfaceOrientationLandscapeRight UIInterfaceOrientationPortrait UIInterfaceOrientationPortraitUpsideDown";
				LD_RUNPATH_SEARCH_PATHS = (
					"$(inherited)",
					"@executable_path/Frameworks",
				);
				MARKETING_VERSION = 1.0;
				PRODUCT_BUNDLE_IDENTIFIER = com.dmitriychurilov.CryptoScope;
				PRODUCT_NAME = "$(TARGET_NAME)";
				SWIFT_EMIT_LOC_STRINGS = YES;
				SWIFT_VERSION = 5.0;
				TARGETED_DEVICE_FAMILY = "1,2";
			};
			name = Release;
		};
/* End XCBuildConfiguration section */

/* Begin XCConfigurationList section */
		AB60DC162BE3F28F0078C1DC /* Build configuration list for PBXProject "CryptoScope" */ = {
			isa = XCConfigurationList;
			buildConfigurations = (
				AB60DC272BE3F2910078C1DC /* Debug */,
				AB60DC282BE3F2910078C1DC /* Release */,
			);
			defaultConfigurationIsVisible = 0;
			defaultConfigurationName = Release;
		};
		AB60DC292BE3F2910078C1DC /* Build configuration list for PBXNativeTarget "CryptoScope" */ = {
			isa = XCConfigurationList;
			buildConfigurations = (
				AB60DC2A2BE3F2910078C1DC /* Debug */,
				AB60DC2B2BE3F2910078C1DC /* Release */,
			);
			defaultConfigurationIsVisible = 0;
			defaultConfigurationName = Release;
		};
/* End XCConfigurationList section */
	};
	rootObject = AB60DC132BE3F28F0078C1DC /* Project object */;
}
